
Microsoft Visual Studio Solution File, Format Version 12.00
# Visual Studio Version 16
VisualStudioVersion = 16.0.30011.22
MinimumVisualStudioVersion = 10.0.40219.1
Project("{9A19103F-16F7-4668-BE54-9A1E7A4F7556}") = "Guolian.RTUDataQueryService", "Guolian.RTUDataQueryService.csproj", "{0FA28E93-3956-45EC-AE80-DC2F8AEF7A42}"
EndProject
Project("{FAE04EC0-301F-11D3-BF4B-00C04F79EFBC}") = "Guolian.RTUDataQueryServiceDemo", "..\Guolian.RTUDataQueryServiceDemo\Guolian.RTUDataQueryServiceDemo.csproj", "{0282D433-1281-496A-BF7F-AE6E84324D37}"
EndProject
Global
	GlobalSection(SolutionConfigurationPlatforms) = preSolution
		Debug|Any CPU = Debug|Any CPU
		Release|Any CPU = Release|Any CPU
	EndGlobalSection
	GlobalSection(ProjectConfigurationPlatforms) = postSolution
		{0FA28E93-3956-45EC-AE80-DC2F8AEF7A42}.Debug|Any CPU.ActiveCfg = Debug|Any CPU
		{0FA28E93-3956-45EC-AE80-DC2F8AEF7A42}.Debug|Any CPU.Build.0 = Debug|Any CPU
		{0FA28E93-3956-45EC-AE80-DC2F8AEF7A42}.Release|Any CPU.ActiveCfg = Release|Any CPU
		{0FA28E93-3956-45EC-AE80-DC2F8AEF7A42}.Release|Any CPU.Build.0 = Release|Any CPU
		{0282D433-1281-496A-BF7F-AE6E84324D37}.Debug|Any CPU.ActiveCfg = Debug|Any CPU
		{0282D433-1281-496A-BF7F-AE6E84324D37}.Debug|Any CPU.Build.0 = Debug|Any CPU
		{0282D433-1281-496A-BF7F-AE6E84324D37}.Release|Any CPU.ActiveCfg = Release|Any CPU
		{0282D433-1281-496A-BF7F-AE6E84324D37}.Release|Any CPU.Build.0 = Release|Any CPU
	EndGlobalSection
	GlobalSection(SolutionProperties) = preSolution
		HideSolutionNode = FALSE
	EndGlobalSection
	GlobalSection(ExtensibilityGlobals) = postSolution
		SolutionGuid = {7E9FB9D2-B9F6-4D1B-8BE6-82F5DCBB81B6}
	EndGlobalSection
EndGlobal
